{
    "_meta": {
        "hash": {
            "sha256": "4f83f4f51e817bf714c40cc76a441e8670e578821576f76afe75c67da2893efc"
        },
        "pipfile-spec": 6,
        "requires": {
            "python_version": "3.9"
        },
        "sources": [
            {
                "name": "pypi",
                "url": "https://pypi.org/simple",
                "verify_ssl": true
            }
        ]
    },
    "default": {
        "sqlalchemy": {
            "hashes": [
                "sha256:06ec11a5e6a4b6428167d3ce33b5bd455c020c867dabe3e6951fa98836e0741d",
                "sha256:0e7fd52e48e933771f177c2a1a484b06ea03774fc7741651ebdf19985a34037c",
                "sha256:139c50b9384e6d32a74fc4dcd0e9717f343ed38f95dbacf832c782c68e3862f3",
                "sha256:17417327b87a0f703c9a20180f75e953315207d048159aff51822052f3e33e69",
                "sha256:29a742c29fea12259f1d2a9ee2eb7fe4694a85d904a4ac66d15e01177b17ad7f",
                "sha256:2aac2a685feb9882d09f457f4e5586c885d578af4e97a2b759e91e8c457cbce5",
                "sha256:3197441772dc3b1c6419f13304402f2418a18d7fe78000aa5a026e7100836739",
                "sha256:3688f92c62db6c5df268e2264891078f17ecb91e3141b400f2e28d0f75796dea",
                "sha256:3862a069a24f354145e01a76c7c720c263d62405fe5bed038c46a7ce900f5dd6",
                "sha256:4a17c1a1152ca4c29d992714aa9df3054da3af1598e02134f2e7314a32ef69d8",
                "sha256:4c1d9fb3931e27d59166bb5c4dcc911400fee51082cfba66ceb19ac954ade068",
                "sha256:4e8706919829d455a9fa687c6bbd1b048e36fec3919a59f2d366247c2bfdbd9c",
                "sha256:50c8eaf44c3fed5ba6758d375de25f163e46137c39fda3a72b9ee1d1bb327dfc",
                "sha256:5e4e517ce72fad35cce364a01aff165f524449e9c959f1837dc71088afa2824c",
                "sha256:6629c79967a6c92e33fad811599adf9bc5cee6e504a1027bbf9cc1b6fb2d276d",
                "sha256:78363f400fbda80f866e8e91d37d36fe6313ff847ded08674e272873c1377ea5",
                "sha256:7a44683cf97744a405103ef8fdd31199e9d7fc41b4a67e9044523b29541662b0",
                "sha256:7e579d6e281cc937bdb59917017ab98e618502067e04efb1d24ac168925e1d2a",
                "sha256:7ee34c85cbda7779d66abac392c306ec78c13f5c73a1f01b8b767916d4895d23",
                "sha256:8b38e088659b30c2ca0af63e5d139fad1779a7925d75075a08717a21c406c0f6",
                "sha256:9785d6f962d2c925aeb06a7539ac9d16608877da6aeaaf341984b3693ae80a02",
                "sha256:a91d0668cada27352432f15b92ac3d43e34d8f30973fa8b86f5e9fddee928f3b",
                "sha256:a940c551cfbd2e1e646ceea2777944425f5c3edff914bc808fe734d9e66f8d71",
                "sha256:aaa0e90e527066409c2ea5676282cf4afb4a40bb9dce0f56c8ec2768bff22a6e",
                "sha256:b4c92823889cf9846b972ee6db30c0e3a92c0ddfc76c6060a6cda467aa5fb694",
                "sha256:b55932fd0e81b43f4aff397c8ad0b3c038f540af37930423ab8f47a20b117e4c",
                "sha256:c37885f83b59e248bebe2b35beabfbea398cb40960cdc6d3a76eac863d4e1938",
                "sha256:caca6acf3f90893d7712ae2c6616ecfeac3581b4cc677c928a330ce6fbad4319",
                "sha256:cffc67cdd07f0e109a1fc83e333972ae423ea5ad414585b63275b66b870ea62b",
                "sha256:d4c3b009c9220ae6e33f17b45f43fb46b9a1d281d76118405af13e26376f2e11",
                "sha256:d58f2d9d1a4b1459e8956a0153a4119da80f54ee5a9ea623cd568e99459a3ef1",
                "sha256:d6927c9e3965b194acf75c8e0fb270b4d54512db171f65faae15ef418721996e",
                "sha256:d9050b0c4a7f5538650c74aaba5c80cd64450e41c206f43ea6d194ae6d060ff9",
                "sha256:eec39a17bab3f69c44c9df4e0ed87c7306f2d2bf1eca3070af644927ec4199fa",
                "sha256:f9940528bf9c4df9e3c3872d23078b6b2da6431c19565637c09f1b88a427a684",
                "sha256:ffe487570f47536b96eff5ef2b84034a8ba4e19aab5ab7647e677d94a119ea55"
            ],
            "index": "pypi",
            "version": "==1.4.37"
        }
    },
    "develop": {
        "attrs": {
            "hashes": [
                "sha256:2d27e3784d7a565d36ab851fe94887c5eccd6a463168875832a1be79c82828b4",
                "sha256:626ba8234211db98e869df76230a137c4c40a12d72445c45d5f5b716f076e2fd"
            ],
            "markers": "python_version >= '2.7' and python_version not in '3.0, 3.1, 3.2, 3.3, 3.4'",
            "version": "==21.4.0"
        },
        "autopep8": {
            "hashes": [
                "sha256:44f0932855039d2c15c4510d6df665e4730f2b8582704fa48f9c55bd3e17d979",
                "sha256:ed77137193bbac52d029a52c59bec1b0629b5a186c495f1eb21b126ac466083f"
            ],
            "index": "pypi",
            "version": "==1.6.0"
        },
        "build": {
            "hashes": [
                "sha256:19b0ed489f92ace6947698c3ca8436cb0556a66e2aa2d34cd70e2a5d27cd0437",
                "sha256:887a6d471c901b1a6e6574ebaeeebb45e5269a79d095fe9a8f88d6614ed2e5f0"
            ],
            "index": "pypi",
            "version": "==0.8.0"
        },
        "coverage": {
            "hashes": [
                "sha256:01c5615d13f3dd3aa8543afc069e5319cfa0c7d712f6e04b920431e5c564a749",
                "sha256:106c16dfe494de3193ec55cac9640dd039b66e196e4641fa8ac396181578b982",
                "sha256:129cd05ba6f0d08a766d942a9ed4b29283aff7b2cccf5b7ce279d50796860bb3",
                "sha256:145f296d00441ca703a659e8f3eb48ae39fb083baba2d7ce4482fb2723e050d9",
                "sha256:1480ff858b4113db2718848d7b2d1b75bc79895a9c22e76a221b9d8d62496428",
                "sha256:269eaa2c20a13a5bf17558d4dc91a8d078c4fa1872f25303dddcbba3a813085e",
                "sha256:26dff09fb0d82693ba9e6231248641d60ba606150d02ed45110f9ec26404ed1c",
                "sha256:2bd9a6fc18aab8d2e18f89b7ff91c0f34ff4d5e0ba0b33e989b3cd4194c81fd9",
                "sha256:309ce4a522ed5fca432af4ebe0f32b21d6d7ccbb0f5fcc99290e71feba67c264",
                "sha256:3384f2a3652cef289e38100f2d037956194a837221edd520a7ee5b42d00cc605",
                "sha256:342d4aefd1c3e7f620a13f4fe563154d808b69cccef415415aece4c786665397",
                "sha256:39ee53946bf009788108b4dd2894bf1349b4e0ca18c2016ffa7d26ce46b8f10d",
                "sha256:4321f075095a096e70aff1d002030ee612b65a205a0a0f5b815280d5dc58100c",
                "sha256:4803e7ccf93230accb928f3a68f00ffa80a88213af98ed338a57ad021ef06815",
                "sha256:4ce1b258493cbf8aec43e9b50d89982346b98e9ffdfaae8ae5793bc112fb0068",
                "sha256:664a47ce62fe4bef9e2d2c430306e1428ecea207ffd68649e3b942fa8ea83b0b",
                "sha256:75ab269400706fab15981fd4bd5080c56bd5cc07c3bccb86aab5e1d5a88dc8f4",
                "sha256:83c4e737f60c6936460c5be330d296dd5b48b3963f48634c53b3f7deb0f34ec4",
                "sha256:84631e81dd053e8a0d4967cedab6db94345f1c36107c71698f746cb2636c63e3",
                "sha256:84e65ef149028516c6d64461b95a8dbcfce95cfd5b9eb634320596173332ea84",
                "sha256:865d69ae811a392f4d06bde506d531f6a28a00af36f5c8649684a9e5e4a85c83",
                "sha256:87f4f3df85aa39da00fd3ec4b5abeb7407e82b68c7c5ad181308b0e2526da5d4",
                "sha256:8c08da0bd238f2970230c2a0d28ff0e99961598cb2e810245d7fc5afcf1254e8",
                "sha256:961e2fb0680b4f5ad63234e0bf55dfb90d302740ae9c7ed0120677a94a1590cb",
                "sha256:9b3e07152b4563722be523e8cd0b209e0d1a373022cfbde395ebb6575bf6790d",
                "sha256:a7f3049243783df2e6cc6deafc49ea123522b59f464831476d3d1448e30d72df",
                "sha256:bf5601c33213d3cb19d17a796f8a14a9eaa5e87629a53979a5981e3e3ae166f6",
                "sha256:cec3a0f75c8f1031825e19cd86ee787e87cf03e4fd2865c79c057092e69e3a3b",
                "sha256:d42c549a8f41dc103a8004b9f0c433e2086add8a719da00e246e17cbe4056f72",
                "sha256:d67d44996140af8b84284e5e7d398e589574b376fb4de8ccd28d82ad8e3bea13",
                "sha256:d9c80df769f5ec05ad21ea34be7458d1dc51ff1fb4b2219e77fe24edf462d6df",
                "sha256:e57816f8ffe46b1df8f12e1b348f06d164fd5219beba7d9433ba79608ef011cc",
                "sha256:ee2ddcac99b2d2aec413e36d7a429ae9ebcadf912946b13ffa88e7d4c9b712d6",
                "sha256:f02cbbf8119db68455b9d763f2f8737bb7db7e43720afa07d8eb1604e5c5ae28",
                "sha256:f1d5aa2703e1dab4ae6cf416eb0095304f49d004c39e9db1d86f57924f43006b",
                "sha256:f5b66caa62922531059bc5ac04f836860412f7f88d38a476eda0a6f11d4724f4",
                "sha256:f69718750eaae75efe506406c490d6fc5a6161d047206cc63ce25527e8a3adad",
                "sha256:fb73e0011b8793c053bfa85e53129ba5f0250fdc0392c1591fd35d915ec75c46",
                "sha256:fd180ed867e289964404051a958f7cccabdeed423f91a899829264bb7974d3d3",
                "sha256:fdb6f7bd51c2d1714cea40718f6149ad9be6a2ee7d93b19e9f00934c0f2a74d9",
                "sha256:ffa9297c3a453fba4717d06df579af42ab9a28022444cae7fa605af4df612d54"
            ],
            "index": "pypi",
            "version": "==6.4.1"
        },
        "iniconfig": {
            "hashes": [
                "sha256:011e24c64b7f47f6ebd835bb12a743f2fbe9a26d4cecaa7f53bc4f35ee9da8b3",
                "sha256:bc3af051d7d14b2ee5ef9969666def0cd1a000e121eaea580d4a313df4b37f32"
            ],
            "version": "==1.1.1"
        },
        "packaging": {
            "hashes": [
                "sha256:dd47c42927d89ab911e606518907cc2d3a1f38bbd026385970643f9c5b8ecfeb",
                "sha256:ef103e05f519cdc783ae24ea4e2e0f508a9c99b2d4969652eed6a2e1ea5bd522"
            ],
            "markers": "python_version >= '3.6'",
            "version": "==21.3"
        },
        "pep517": {
            "hashes": [
                "sha256:931378d93d11b298cf511dd634cf5ea4cb249a28ef84160b3247ee9afb4e8ab0",
                "sha256:dd884c326898e2c6e11f9e0b64940606a93eb10ea022a2e067959f3a110cf161"
            ],
            "version": "==0.12.0"
        },
        "pluggy": {
            "hashes": [
                "sha256:4224373bacce55f955a878bf9cfa763c1e360858e330072059e10bad68531159",
                "sha256:74134bbf457f031a36d68416e1509f34bd5ccc019f0bcc952c7b909d06b37bd3"
            ],
            "markers": "python_version >= '3.6'",
            "version": "==1.0.0"
        },
        "py": {
            "hashes": [
                "sha256:51c75c4126074b472f746a24399ad32f6053d1b34b68d2fa41e558e6f4a98719",
                "sha256:607c53218732647dff4acdfcd50cb62615cedf612e72d1724fb1a0cc6405b378"
            ],
            "markers": "python_version >= '2.7' and python_version not in '3.0, 3.1, 3.2, 3.3, 3.4'",
            "version": "==1.11.0"
        },
        "pycodestyle": {
            "hashes": [
                "sha256:720f8b39dde8b293825e7ff02c475f3077124006db4f440dcbc9a20b76548a20",
                "sha256:eddd5847ef438ea1c7870ca7eb78a9d47ce0cdb4851a5523949f2601d0cbbe7f"
            ],
            "markers": "python_version >= '2.7' and python_version not in '3.0, 3.1, 3.2, 3.3, 3.4'",
            "version": "==2.8.0"
        },
        "pyparsing": {
            "hashes": [
                "sha256:2b020ecf7d21b687f219b71ecad3631f644a47f01403fa1d1036b0c6416d70fb",
                "sha256:5026bae9a10eeaefb61dab2f09052b9f4307d44aee4eda64b309723d8d206bbc"
            ],
            "markers": "python_full_version >= '3.6.8'",
            "version": "==3.0.9"
        },
        "pytest": {
            "hashes": [
                "sha256:13d0e3ccfc2b6e26be000cb6568c832ba67ba32e719443bfe725814d3c42433c",
                "sha256:a06a0425453864a270bc45e71f783330a7428defb4230fb5e6a731fde06ecd45"
            ],
            "index": "pypi",
            "version": "==7.1.2"
        },
        "toml": {
            "hashes": [
                "sha256:806143ae5bfb6a3c6e736a764057db0e6a0e05e338b5630894a5f779cabb4f9b",
                "sha256:b3bda1d108d5dd99f4a20d24d9c348e91c4db7ab1b749200bded2f839ccbe68f"
            ],
            "markers": "python_version >= '2.6' and python_version not in '3.0, 3.1, 3.2, 3.3'",
            "version": "==0.10.2"
        },
        "tomli": {
            "hashes": [
                "sha256:939de3e7a6161af0c887ef91b7d41a53e7c5a1ca976325f429cb46ea9bc30ecc",
                "sha256:de526c12914f0c550d15924c62d72abc48d6fe7364aa87328337a31007fe8a4f"
            ],
            "markers": "python_version < '3.11'",
            "version": "==2.0.1"
        }
    }
}
